
Microsoft Visual Studio Solution File, Format Version 10.00
# Visual Studio 2008
Project("{FAE04EC0-301F-11D3-BF4B-00C04F79EFBC}") = "SalmonViewer.Tests", "SalmonViewer.Tests\SalmonViewer.Tests.csproj", "{677449AF-E4F5-478C-B88A-E0CC259E4521}"
EndProject
Project("{FAE04EC0-301F-11D3-BF4B-00C04F79EFBC}") = "SalmonViewer", "SalmonViewer\SalmonViewer.csproj", "{EB9EB542-195E-40E1-9376-B9996FD150D9}"
EndProject
Global
	GlobalSection(SolutionConfigurationPlatforms) = preSolution
		Debug|Any CPU = Debug|Any CPU
		Release|Any CPU = Release|Any CPU
	EndGlobalSection
	GlobalSection(ProjectConfigurationPlatforms) = postSolution
		{677449AF-E4F5-478C-B88A-E0CC259E4521}.Debug|Any CPU.ActiveCfg = Debug|Any CPU
		{677449AF-E4F5-478C-B88A-E0CC259E4521}.Release|Any CPU.ActiveCfg = Release|Any CPU
		{EB9EB542-195E-40E1-9376-B9996FD150D9}.Debug|Any CPU.ActiveCfg = Debug|Any CPU
		{EB9EB542-195E-40E1-9376-B9996FD150D9}.Debug|Any CPU.Build.0 = Debug|Any CPU
		{EB9EB542-195E-40E1-9376-B9996FD150D9}.Release|Any CPU.ActiveCfg = Release|Any CPU
		{EB9EB542-195E-40E1-9376-B9996FD150D9}.Release|Any CPU.Build.0 = Release|Any CPU
	EndGlobalSection
	GlobalSection(MonoDevelopProperties) = preSolution
		StartupItem = SalmonViewer\SalmonViewer.csproj
		MonoDevelop.ChangeLogAddIn.ChangeLogInfo = $0
		$0.policy = OneChangeLogInProjectRootDirectory
		name = salmon-viewer
	EndGlobalSection
	GlobalSection(SolutionProperties) = preSolution
		HideSolutionNode = FALSE
	EndGlobalSection
EndGlobal
