
Microsoft Visual Studio Solution File, Format Version 9.00
# Visual Studio 2005
Project("{FAE04EC0-301F-11D3-BF4B-00C04F79EFBC}") = "SalmonViewer", "salmon-viewer\salmon-viewer.csproj", "{B03EB557-03C1-43BA-976A-8DAECC643948}"
EndProject
Project("{FAE04EC0-301F-11D3-BF4B-00C04F79EFBC}") = "SalmonViewer.Tests", "SalmonViewer.Tests\SalmonViewer.Tests.csproj", "{677449AF-E4F5-478C-B88A-E0CC259E4521}"
EndProject
Global
	GlobalSection(SolutionConfigurationPlatforms) = preSolution
		Debug|Any CPU = Debug|Any CPU
		Release|Any CPU = Release|Any CPU
	EndGlobalSection
	GlobalSection(ProjectConfigurationPlatforms) = postSolution
		{677449AF-E4F5-478C-B88A-E0CC259E4521}.Debug|Any CPU.ActiveCfg = Debug|Any CPU
		{677449AF-E4F5-478C-B88A-E0CC259E4521}.Debug|Any CPU.Build.0 = Debug|Any CPU
		{677449AF-E4F5-478C-B88A-E0CC259E4521}.Release|Any CPU.ActiveCfg = Release|Any CPU
		{677449AF-E4F5-478C-B88A-E0CC259E4521}.Release|Any CPU.Build.0 = Release|Any CPU
		{B03EB557-03C1-43BA-976A-8DAECC643948}.Debug|Any CPU.ActiveCfg = Debug|Any CPU
		{B03EB557-03C1-43BA-976A-8DAECC643948}.Debug|Any CPU.Build.0 = Debug|Any CPU
		{B03EB557-03C1-43BA-976A-8DAECC643948}.Release|Any CPU.ActiveCfg = Release|Any CPU
		{B03EB557-03C1-43BA-976A-8DAECC643948}.Release|Any CPU.Build.0 = Release|Any CPU
	EndGlobalSection
	GlobalSection(MonoDevelopProperties) = preSolution
		name = salmon-viewer
		version = 0.1
		StartupItem = salmon-viewer\SalmonViewer.csproj
		MonoDevelop.ChangeLogAddIn.ChangeLogInfo = $0
		$0.policy = OneChangeLogInProjectRootDirectory
	EndGlobalSection
EndGlobal
